{
  "pins" : [
    {
      "identity" : "unitconversion",
      "kind" : "remoteSourceControl",
      "location" : "https://github.com/bryantm1123/UnitConversion",
      "state" : {
        "branch" : "main",
        "revision" : "5faa30ec40b7e1fb79edfe81272d55ac0ff29d4f"
      }
    }
  ],
  "version" : 2
}
